
Microsoft Visual Studio Solution File, Format Version 12.00
# Visual Studio 15
VisualStudioVersion = 15.0.26430.13
MinimumVisualStudioVersion = 10.0.40219.1
Project("{D954291E-2A0B-460D-934E-DC6B0785DB48}") = "myNNIT", "myNNIT\myNNIT\myNNIT.shproj", "{61C530EC-FE6C-479B-B949-D5C5C6E40C8B}"
EndProject
Project("{FAE04EC0-301F-11D3-BF4B-00C04F79EFBC}") = "myNNIT.Android", "myNNIT\myNNIT.Android\myNNIT.Android.csproj", "{7265CBA0-630B-4224-88BE-1C4DA97CD23F}"
EndProject
Project("{FAE04EC0-301F-11D3-BF4B-00C04F79EFBC}") = "myNNIT.iOS", "myNNIT\myNNIT.iOS\myNNIT.iOS.csproj", "{1ECD81D2-8C2E-4BD4-917D-55DE2CD5A8DC}"
EndProject
Project("{FAE04EC0-301F-11D3-BF4B-00C04F79EFBC}") = "myNNIT.UWP", "myNNIT\myNNIT.UWP\myNNIT.UWP.csproj", "{4753EBF9-6526-412B-B5B6-CE6CCED395CB}"
EndProject
Global
	GlobalSection(SharedMSBuildProjectFiles) = preSolution
		myNNIT\myNNIT\myNNIT.projitems*{1ecd81d2-8c2e-4bd4-917d-55de2cd5a8dc}*SharedItemsImports = 4
		myNNIT\myNNIT\myNNIT.projitems*{61c530ec-fe6c-479b-b949-d5c5c6e40c8b}*SharedItemsImports = 13
		myNNIT\myNNIT\myNNIT.projitems*{7265cba0-630b-4224-88be-1c4da97cd23f}*SharedItemsImports = 4
	EndGlobalSection
	GlobalSection(SolutionConfigurationPlatforms) = preSolution
		Ad-Hoc|Any CPU = Ad-Hoc|Any CPU
		Ad-Hoc|ARM = Ad-Hoc|ARM
		Ad-Hoc|iPhone = Ad-Hoc|iPhone
		Ad-Hoc|iPhoneSimulator = Ad-Hoc|iPhoneSimulator
		Ad-Hoc|x64 = Ad-Hoc|x64
		Ad-Hoc|x86 = Ad-Hoc|x86
		AppStore|Any CPU = AppStore|Any CPU
		AppStore|ARM = AppStore|ARM
		AppStore|iPhone = AppStore|iPhone
		AppStore|iPhoneSimulator = AppStore|iPhoneSimulator
		AppStore|x64 = AppStore|x64
		AppStore|x86 = AppStore|x86
		Debug|Any CPU = Debug|Any CPU
		Debug|ARM = Debug|ARM
		Debug|iPhone = Debug|iPhone
		Debug|iPhoneSimulator = Debug|iPhoneSimulator
		Debug|x64 = Debug|x64
		Debug|x86 = Debug|x86
		Release|Any CPU = Release|Any CPU
		Release|ARM = Release|ARM
		Release|iPhone = Release|iPhone
		Release|iPhoneSimulator = Release|iPhoneSimulator
		Release|x64 = Release|x64
		Release|x86 = Release|x86
	EndGlobalSection
	GlobalSection(ProjectConfigurationPlatforms) = postSolution
		{7265CBA0-630B-4224-88BE-1C4DA97CD23F}.Ad-Hoc|Any CPU.ActiveCfg = Release|Any CPU
		{7265CBA0-630B-4224-88BE-1C4DA97CD23F}.Ad-Hoc|Any CPU.Build.0 = Release|Any CPU
		{7265CBA0-630B-4224-88BE-1C4DA97CD23F}.Ad-Hoc|Any CPU.Deploy.0 = Release|Any CPU
		{7265CBA0-630B-4224-88BE-1C4DA97CD23F}.Ad-Hoc|ARM.ActiveCfg = Release|Any CPU
		{7265CBA0-630B-4224-88BE-1C4DA97CD23F}.Ad-Hoc|ARM.Build.0 = Release|Any CPU
		{7265CBA0-630B-4224-88BE-1C4DA97CD23F}.Ad-Hoc|ARM.Deploy.0 = Release|Any CPU
		{7265CBA0-630B-4224-88BE-1C4DA97CD23F}.Ad-Hoc|iPhone.ActiveCfg = Release|Any CPU
		{7265CBA0-630B-4224-88BE-1C4DA97CD23F}.Ad-Hoc|iPhone.Build.0 = Release|Any CPU
		{7265CBA0-630B-4224-88BE-1C4DA97CD23F}.Ad-Hoc|iPhone.Deploy.0 = Release|Any CPU
		{7265CBA0-630B-4224-88BE-1C4DA97CD23F}.Ad-Hoc|iPhoneSimulator.ActiveCfg = Release|Any CPU
		{7265CBA0-630B-4224-88BE-1C4DA97CD23F}.Ad-Hoc|iPhoneSimulator.Build.0 = Release|Any CPU
		{7265CBA0-630B-4224-88BE-1C4DA97CD23F}.Ad-Hoc|iPhoneSimulator.Deploy.0 = Release|Any CPU
		{7265CBA0-630B-4224-88BE-1C4DA97CD23F}.Ad-Hoc|x64.ActiveCfg = Release|Any CPU
		{7265CBA0-630B-4224-88BE-1C4DA97CD23F}.Ad-Hoc|x64.Build.0 = Release|Any CPU
		{7265CBA0-630B-4224-88BE-1C4DA97CD23F}.Ad-Hoc|x64.Deploy.0 = Release|Any CPU
		{7265CBA0-630B-4224-88BE-1C4DA97CD23F}.Ad-Hoc|x86.ActiveCfg = Release|Any CPU
		{7265CBA0-630B-4224-88BE-1C4DA97CD23F}.Ad-Hoc|x86.Build.0 = Release|Any CPU
		{7265CBA0-630B-4224-88BE-1C4DA97CD23F}.Ad-Hoc|x86.Deploy.0 = Release|Any CPU
		{7265CBA0-630B-4224-88BE-1C4DA97CD23F}.AppStore|Any CPU.ActiveCfg = Release|Any CPU
		{7265CBA0-630B-4224-88BE-1C4DA97CD23F}.AppStore|Any CPU.Build.0 = Release|Any CPU
		{7265CBA0-630B-4224-88BE-1C4DA97CD23F}.AppStore|Any CPU.Deploy.0 = Release|Any CPU
		{7265CBA0-630B-4224-88BE-1C4DA97CD23F}.AppStore|ARM.ActiveCfg = Release|Any CPU
		{7265CBA0-630B-4224-88BE-1C4DA97CD23F}.AppStore|ARM.Build.0 = Release|Any CPU
		{7265CBA0-630B-4224-88BE-1C4DA97CD23F}.AppStore|ARM.Deploy.0 = Release|Any CPU
		{7265CBA0-630B-4224-88BE-1C4DA97CD23F}.AppStore|iPhone.ActiveCfg = Release|Any CPU
		{7265CBA0-630B-4224-88BE-1C4DA97CD23F}.AppStore|iPhone.Build.0 = Release|Any CPU
		{7265CBA0-630B-4224-88BE-1C4DA97CD23F}.AppStore|iPhone.Deploy.0 = Release|Any CPU
		{7265CBA0-630B-4224-88BE-1C4DA97CD23F}.AppStore|iPhoneSimulator.ActiveCfg = Release|Any CPU
		{7265CBA0-630B-4224-88BE-1C4DA97CD23F}.AppStore|iPhoneSimulator.Build.0 = Release|Any CPU
		{7265CBA0-630B-4224-88BE-1C4DA97CD23F}.AppStore|iPhoneSimulator.Deploy.0 = Release|Any CPU
		{7265CBA0-630B-4224-88BE-1C4DA97CD23F}.AppStore|x64.ActiveCfg = Release|Any CPU
		{7265CBA0-630B-4224-88BE-1C4DA97CD23F}.AppStore|x64.Build.0 = Release|Any CPU
		{7265CBA0-630B-4224-88BE-1C4DA97CD23F}.AppStore|x64.Deploy.0 = Release|Any CPU
		{7265CBA0-630B-4224-88BE-1C4DA97CD23F}.AppStore|x86.ActiveCfg = Release|Any CPU
		{7265CBA0-630B-4224-88BE-1C4DA97CD23F}.AppStore|x86.Build.0 = Release|Any CPU
		{7265CBA0-630B-4224-88BE-1C4DA97CD23F}.AppStore|x86.Deploy.0 = Release|Any CPU
		{7265CBA0-630B-4224-88BE-1C4DA97CD23F}.Debug|Any CPU.ActiveCfg = Debug|Any CPU
		{7265CBA0-630B-4224-88BE-1C4DA97CD23F}.Debug|Any CPU.Build.0 = Debug|Any CPU
		{7265CBA0-630B-4224-88BE-1C4DA97CD23F}.Debug|Any CPU.Deploy.0 = Debug|Any CPU
		{7265CBA0-630B-4224-88BE-1C4DA97CD23F}.Debug|ARM.ActiveCfg = Debug|Any CPU
		{7265CBA0-630B-4224-88BE-1C4DA97CD23F}.Debug|ARM.Build.0 = Debug|Any CPU
		{7265CBA0-630B-4224-88BE-1C4DA97CD23F}.Debug|ARM.Deploy.0 = Debug|Any CPU
		{7265CBA0-630B-4224-88BE-1C4DA97CD23F}.Debug|iPhone.ActiveCfg = Debug|Any CPU
		{7265CBA0-630B-4224-88BE-1C4DA97CD23F}.Debug|iPhone.Build.0 = Debug|Any CPU
		{7265CBA0-630B-4224-88BE-1C4DA97CD23F}.Debug|iPhone.Deploy.0 = Debug|Any CPU
		{7265CBA0-630B-4224-88BE-1C4DA97CD23F}.Debug|iPhoneSimulator.ActiveCfg = Debug|Any CPU
		{7265CBA0-630B-4224-88BE-1C4DA97CD23F}.Debug|iPhoneSimulator.Build.0 = Debug|Any CPU
		{7265CBA0-630B-4224-88BE-1C4DA97CD23F}.Debug|iPhoneSimulator.Deploy.0 = Debug|Any CPU
		{7265CBA0-630B-4224-88BE-1C4DA97CD23F}.Debug|x64.ActiveCfg = Debug|Any CPU
		{7265CBA0-630B-4224-88BE-1C4DA97CD23F}.Debug|x64.Build.0 = Debug|Any CPU
		{7265CBA0-630B-4224-88BE-1C4DA97CD23F}.Debug|x64.Deploy.0 = Debug|Any CPU
		{7265CBA0-630B-4224-88BE-1C4DA97CD23F}.Debug|x86.ActiveCfg = Debug|Any CPU
		{7265CBA0-630B-4224-88BE-1C4DA97CD23F}.Debug|x86.Build.0 = Debug|Any CPU
		{7265CBA0-630B-4224-88BE-1C4DA97CD23F}.Debug|x86.Deploy.0 = Debug|Any CPU
		{7265CBA0-630B-4224-88BE-1C4DA97CD23F}.Release|Any CPU.ActiveCfg = Release|Any CPU
		{7265CBA0-630B-4224-88BE-1C4DA97CD23F}.Release|Any CPU.Build.0 = Release|Any CPU
		{7265CBA0-630B-4224-88BE-1C4DA97CD23F}.Release|Any CPU.Deploy.0 = Release|Any CPU
		{7265CBA0-630B-4224-88BE-1C4DA97CD23F}.Release|ARM.ActiveCfg = Release|Any CPU
		{7265CBA0-630B-4224-88BE-1C4DA97CD23F}.Release|ARM.Build.0 = Release|Any CPU
		{7265CBA0-630B-4224-88BE-1C4DA97CD23F}.Release|ARM.Deploy.0 = Release|Any CPU
		{7265CBA0-630B-4224-88BE-1C4DA97CD23F}.Release|iPhone.ActiveCfg = Release|Any CPU
		{7265CBA0-630B-4224-88BE-1C4DA97CD23F}.Release|iPhone.Build.0 = Release|Any CPU
		{7265CBA0-630B-4224-88BE-1C4DA97CD23F}.Release|iPhone.Deploy.0 = Release|Any CPU
		{7265CBA0-630B-4224-88BE-1C4DA97CD23F}.Release|iPhoneSimulator.ActiveCfg = Release|Any CPU
		{7265CBA0-630B-4224-88BE-1C4DA97CD23F}.Release|iPhoneSimulator.Build.0 = Release|Any CPU
		{7265CBA0-630B-4224-88BE-1C4DA97CD23F}.Release|iPhoneSimulator.Deploy.0 = Release|Any CPU
		{7265CBA0-630B-4224-88BE-1C4DA97CD23F}.Release|x64.ActiveCfg = Release|Any CPU
		{7265CBA0-630B-4224-88BE-1C4DA97CD23F}.Release|x64.Build.0 = Release|Any CPU
		{7265CBA0-630B-4224-88BE-1C4DA97CD23F}.Release|x64.Deploy.0 = Release|Any CPU
		{7265CBA0-630B-4224-88BE-1C4DA97CD23F}.Release|x86.ActiveCfg = Release|Any CPU
		{7265CBA0-630B-4224-88BE-1C4DA97CD23F}.Release|x86.Build.0 = Release|Any CPU
		{7265CBA0-630B-4224-88BE-1C4DA97CD23F}.Release|x86.Deploy.0 = Release|Any CPU
		{1ECD81D2-8C2E-4BD4-917D-55DE2CD5A8DC}.Ad-Hoc|Any CPU.ActiveCfg = Ad-Hoc|iPhone
		{1ECD81D2-8C2E-4BD4-917D-55DE2CD5A8DC}.Ad-Hoc|ARM.ActiveCfg = Ad-Hoc|iPhone
		{1ECD81D2-8C2E-4BD4-917D-55DE2CD5A8DC}.Ad-Hoc|iPhone.ActiveCfg = Ad-Hoc|iPhone
		{1ECD81D2-8C2E-4BD4-917D-55DE2CD5A8DC}.Ad-Hoc|iPhone.Build.0 = Ad-Hoc|iPhone
		{1ECD81D2-8C2E-4BD4-917D-55DE2CD5A8DC}.Ad-Hoc|iPhoneSimulator.ActiveCfg = Ad-Hoc|iPhoneSimulator
		{1ECD81D2-8C2E-4BD4-917D-55DE2CD5A8DC}.Ad-Hoc|iPhoneSimulator.Build.0 = Ad-Hoc|iPhoneSimulator
		{1ECD81D2-8C2E-4BD4-917D-55DE2CD5A8DC}.Ad-Hoc|x64.ActiveCfg = Ad-Hoc|iPhone
		{1ECD81D2-8C2E-4BD4-917D-55DE2CD5A8DC}.Ad-Hoc|x86.ActiveCfg = Ad-Hoc|iPhone
		{1ECD81D2-8C2E-4BD4-917D-55DE2CD5A8DC}.AppStore|Any CPU.ActiveCfg = AppStore|iPhone
		{1ECD81D2-8C2E-4BD4-917D-55DE2CD5A8DC}.AppStore|ARM.ActiveCfg = AppStore|iPhone
		{1ECD81D2-8C2E-4BD4-917D-55DE2CD5A8DC}.AppStore|iPhone.ActiveCfg = AppStore|iPhone
		{1ECD81D2-8C2E-4BD4-917D-55DE2CD5A8DC}.AppStore|iPhone.Build.0 = AppStore|iPhone
		{1ECD81D2-8C2E-4BD4-917D-55DE2CD5A8DC}.AppStore|iPhoneSimulator.ActiveCfg = AppStore|iPhoneSimulator
		{1ECD81D2-8C2E-4BD4-917D-55DE2CD5A8DC}.AppStore|iPhoneSimulator.Build.0 = AppStore|iPhoneSimulator
		{1ECD81D2-8C2E-4BD4-917D-55DE2CD5A8DC}.AppStore|x64.ActiveCfg = AppStore|iPhone
		{1ECD81D2-8C2E-4BD4-917D-55DE2CD5A8DC}.AppStore|x86.ActiveCfg = AppStore|iPhone
		{1ECD81D2-8C2E-4BD4-917D-55DE2CD5A8DC}.Debug|Any CPU.ActiveCfg = Debug|iPhone
		{1ECD81D2-8C2E-4BD4-917D-55DE2CD5A8DC}.Debug|ARM.ActiveCfg = Debug|iPhone
		{1ECD81D2-8C2E-4BD4-917D-55DE2CD5A8DC}.Debug|iPhone.ActiveCfg = Debug|iPhone
		{1ECD81D2-8C2E-4BD4-917D-55DE2CD5A8DC}.Debug|iPhone.Build.0 = Debug|iPhone
		{1ECD81D2-8C2E-4BD4-917D-55DE2CD5A8DC}.Debug|iPhoneSimulator.ActiveCfg = Debug|iPhoneSimulator
		{1ECD81D2-8C2E-4BD4-917D-55DE2CD5A8DC}.Debug|iPhoneSimulator.Build.0 = Debug|iPhoneSimulator
		{1ECD81D2-8C2E-4BD4-917D-55DE2CD5A8DC}.Debug|x64.ActiveCfg = Debug|iPhone
		{1ECD81D2-8C2E-4BD4-917D-55DE2CD5A8DC}.Debug|x86.ActiveCfg = Debug|iPhone
		{1ECD81D2-8C2E-4BD4-917D-55DE2CD5A8DC}.Release|Any CPU.ActiveCfg = Release|iPhone
		{1ECD81D2-8C2E-4BD4-917D-55DE2CD5A8DC}.Release|ARM.ActiveCfg = Release|iPhone
		{1ECD81D2-8C2E-4BD4-917D-55DE2CD5A8DC}.Release|iPhone.ActiveCfg = Release|iPhone
		{1ECD81D2-8C2E-4BD4-917D-55DE2CD5A8DC}.Release|iPhone.Build.0 = Release|iPhone
		{1ECD81D2-8C2E-4BD4-917D-55DE2CD5A8DC}.Release|iPhoneSimulator.ActiveCfg = Release|iPhoneSimulator
		{1ECD81D2-8C2E-4BD4-917D-55DE2CD5A8DC}.Release|iPhoneSimulator.Build.0 = Release|iPhoneSimulator
		{1ECD81D2-8C2E-4BD4-917D-55DE2CD5A8DC}.Release|x64.ActiveCfg = Release|iPhone
		{1ECD81D2-8C2E-4BD4-917D-55DE2CD5A8DC}.Release|x86.ActiveCfg = Release|iPhone
		{4753EBF9-6526-412B-B5B6-CE6CCED395CB}.Ad-Hoc|Any CPU.ActiveCfg = Release|x86
		{4753EBF9-6526-412B-B5B6-CE6CCED395CB}.Ad-Hoc|Any CPU.Build.0 = Release|x86
		{4753EBF9-6526-412B-B5B6-CE6CCED395CB}.Ad-Hoc|Any CPU.Deploy.0 = Release|x86
		{4753EBF9-6526-412B-B5B6-CE6CCED395CB}.Ad-Hoc|ARM.ActiveCfg = Release|ARM
		{4753EBF9-6526-412B-B5B6-CE6CCED395CB}.Ad-Hoc|ARM.Build.0 = Release|ARM
		{4753EBF9-6526-412B-B5B6-CE6CCED395CB}.Ad-Hoc|ARM.Deploy.0 = Release|ARM
		{4753EBF9-6526-412B-B5B6-CE6CCED395CB}.Ad-Hoc|iPhone.ActiveCfg = Release|x86
		{4753EBF9-6526-412B-B5B6-CE6CCED395CB}.Ad-Hoc|iPhone.Build.0 = Release|x86
		{4753EBF9-6526-412B-B5B6-CE6CCED395CB}.Ad-Hoc|iPhone.Deploy.0 = Release|x86
		{4753EBF9-6526-412B-B5B6-CE6CCED395CB}.Ad-Hoc|iPhoneSimulator.ActiveCfg = Release|x86
		{4753EBF9-6526-412B-B5B6-CE6CCED395CB}.Ad-Hoc|iPhoneSimulator.Build.0 = Release|x86
		{4753EBF9-6526-412B-B5B6-CE6CCED395CB}.Ad-Hoc|iPhoneSimulator.Deploy.0 = Release|x86
		{4753EBF9-6526-412B-B5B6-CE6CCED395CB}.Ad-Hoc|x64.ActiveCfg = Release|x64
		{4753EBF9-6526-412B-B5B6-CE6CCED395CB}.Ad-Hoc|x64.Build.0 = Release|x64
		{4753EBF9-6526-412B-B5B6-CE6CCED395CB}.Ad-Hoc|x64.Deploy.0 = Release|x64
		{4753EBF9-6526-412B-B5B6-CE6CCED395CB}.Ad-Hoc|x86.ActiveCfg = Release|x86
		{4753EBF9-6526-412B-B5B6-CE6CCED395CB}.Ad-Hoc|x86.Build.0 = Release|x86
		{4753EBF9-6526-412B-B5B6-CE6CCED395CB}.Ad-Hoc|x86.Deploy.0 = Release|x86
		{4753EBF9-6526-412B-B5B6-CE6CCED395CB}.AppStore|Any CPU.ActiveCfg = Release|x86
		{4753EBF9-6526-412B-B5B6-CE6CCED395CB}.AppStore|Any CPU.Build.0 = Release|x86
		{4753EBF9-6526-412B-B5B6-CE6CCED395CB}.AppStore|Any CPU.Deploy.0 = Release|x86
		{4753EBF9-6526-412B-B5B6-CE6CCED395CB}.AppStore|ARM.ActiveCfg = Release|ARM
		{4753EBF9-6526-412B-B5B6-CE6CCED395CB}.AppStore|ARM.Build.0 = Release|ARM
		{4753EBF9-6526-412B-B5B6-CE6CCED395CB}.AppStore|ARM.Deploy.0 = Release|ARM
		{4753EBF9-6526-412B-B5B6-CE6CCED395CB}.AppStore|iPhone.ActiveCfg = Release|x86
		{4753EBF9-6526-412B-B5B6-CE6CCED395CB}.AppStore|iPhone.Build.0 = Release|x86
		{4753EBF9-6526-412B-B5B6-CE6CCED395CB}.AppStore|iPhone.Deploy.0 = Release|x86
		{4753EBF9-6526-412B-B5B6-CE6CCED395CB}.AppStore|iPhoneSimulator.ActiveCfg = Release|x86
		{4753EBF9-6526-412B-B5B6-CE6CCED395CB}.AppStore|iPhoneSimulator.Build.0 = Release|x86
		{4753EBF9-6526-412B-B5B6-CE6CCED395CB}.AppStore|iPhoneSimulator.Deploy.0 = Release|x86
		{4753EBF9-6526-412B-B5B6-CE6CCED395CB}.AppStore|x64.ActiveCfg = Release|x64
		{4753EBF9-6526-412B-B5B6-CE6CCED395CB}.AppStore|x64.Build.0 = Release|x64
		{4753EBF9-6526-412B-B5B6-CE6CCED395CB}.AppStore|x64.Deploy.0 = Release|x64
		{4753EBF9-6526-412B-B5B6-CE6CCED395CB}.AppStore|x86.ActiveCfg = Release|x86
		{4753EBF9-6526-412B-B5B6-CE6CCED395CB}.AppStore|x86.Build.0 = Release|x86
		{4753EBF9-6526-412B-B5B6-CE6CCED395CB}.AppStore|x86.Deploy.0 = Release|x86
		{4753EBF9-6526-412B-B5B6-CE6CCED395CB}.Debug|Any CPU.ActiveCfg = Debug|x86
		{4753EBF9-6526-412B-B5B6-CE6CCED395CB}.Debug|ARM.ActiveCfg = Debug|ARM
		{4753EBF9-6526-412B-B5B6-CE6CCED395CB}.Debug|ARM.Build.0 = Debug|ARM
		{4753EBF9-6526-412B-B5B6-CE6CCED395CB}.Debug|ARM.Deploy.0 = Debug|ARM
		{4753EBF9-6526-412B-B5B6-CE6CCED395CB}.Debug|iPhone.ActiveCfg = Debug|x86
		{4753EBF9-6526-412B-B5B6-CE6CCED395CB}.Debug|iPhoneSimulator.ActiveCfg = Debug|x86
		{4753EBF9-6526-412B-B5B6-CE6CCED395CB}.Debug|x64.ActiveCfg = Debug|x64
		{4753EBF9-6526-412B-B5B6-CE6CCED395CB}.Debug|x64.Build.0 = Debug|x64
		{4753EBF9-6526-412B-B5B6-CE6CCED395CB}.Debug|x64.Deploy.0 = Debug|x64
		{4753EBF9-6526-412B-B5B6-CE6CCED395CB}.Debug|x86.ActiveCfg = Debug|x86
		{4753EBF9-6526-412B-B5B6-CE6CCED395CB}.Debug|x86.Build.0 = Debug|x86
		{4753EBF9-6526-412B-B5B6-CE6CCED395CB}.Debug|x86.Deploy.0 = Debug|x86
		{4753EBF9-6526-412B-B5B6-CE6CCED395CB}.Release|Any CPU.ActiveCfg = Release|x86
		{4753EBF9-6526-412B-B5B6-CE6CCED395CB}.Release|ARM.ActiveCfg = Release|ARM
		{4753EBF9-6526-412B-B5B6-CE6CCED395CB}.Release|ARM.Build.0 = Release|ARM
		{4753EBF9-6526-412B-B5B6-CE6CCED395CB}.Release|ARM.Deploy.0 = Release|ARM
		{4753EBF9-6526-412B-B5B6-CE6CCED395CB}.Release|iPhone.ActiveCfg = Release|x86
		{4753EBF9-6526-412B-B5B6-CE6CCED395CB}.Release|iPhoneSimulator.ActiveCfg = Release|x86
		{4753EBF9-6526-412B-B5B6-CE6CCED395CB}.Release|x64.ActiveCfg = Release|x64
		{4753EBF9-6526-412B-B5B6-CE6CCED395CB}.Release|x64.Build.0 = Release|x64
		{4753EBF9-6526-412B-B5B6-CE6CCED395CB}.Release|x64.Deploy.0 = Release|x64
		{4753EBF9-6526-412B-B5B6-CE6CCED395CB}.Release|x86.ActiveCfg = Release|x86
		{4753EBF9-6526-412B-B5B6-CE6CCED395CB}.Release|x86.Build.0 = Release|x86
		{4753EBF9-6526-412B-B5B6-CE6CCED395CB}.Release|x86.Deploy.0 = Release|x86
	EndGlobalSection
	GlobalSection(SolutionProperties) = preSolution
		HideSolutionNode = FALSE
	EndGlobalSection
EndGlobal
